
Microsoft Visual Studio Solution File, Format Version 12.00
# Visual Studio Version 16
VisualStudioVersion = 16.0.30717.126
MinimumVisualStudioVersion = 10.0.40219.1
Project("{FAE04EC0-301F-11D3-BF4B-00C04F79EFBC}") = "BasketPriceCalculator", "BasketPriceCalculator.csproj", "{6FE9CC52-29DC-4A02-AFB3-EF6971D5C532}"
EndProject
Project("{FAE04EC0-301F-11D3-BF4B-00C04F79EFBC}") = "BasketPriceCalculator.Tests", "..\BasketPriceCalculator.Tests\BasketPriceCalculator.Tests.csproj", "{56297C71-769C-4083-BA1F-DA7E06536FDF}"
EndProject
Global
	GlobalSection(SolutionConfigurationPlatforms) = preSolution
		Debug|Any CPU = Debug|Any CPU
		Release|Any CPU = Release|Any CPU
	EndGlobalSection
	GlobalSection(ProjectConfigurationPlatforms) = postSolution
		{6FE9CC52-29DC-4A02-AFB3-EF6971D5C532}.Debug|Any CPU.ActiveCfg = Debug|Any CPU
		{6FE9CC52-29DC-4A02-AFB3-EF6971D5C532}.Debug|Any CPU.Build.0 = Debug|Any CPU
		{6FE9CC52-29DC-4A02-AFB3-EF6971D5C532}.Release|Any CPU.ActiveCfg = Release|Any CPU
		{6FE9CC52-29DC-4A02-AFB3-EF6971D5C532}.Release|Any CPU.Build.0 = Release|Any CPU
		{56297C71-769C-4083-BA1F-DA7E06536FDF}.Debug|Any CPU.ActiveCfg = Debug|Any CPU
		{56297C71-769C-4083-BA1F-DA7E06536FDF}.Debug|Any CPU.Build.0 = Debug|Any CPU
		{56297C71-769C-4083-BA1F-DA7E06536FDF}.Release|Any CPU.ActiveCfg = Release|Any CPU
		{56297C71-769C-4083-BA1F-DA7E06536FDF}.Release|Any CPU.Build.0 = Release|Any CPU
	EndGlobalSection
	GlobalSection(SolutionProperties) = preSolution
		HideSolutionNode = FALSE
	EndGlobalSection
	GlobalSection(ExtensibilityGlobals) = postSolution
		SolutionGuid = {237C3D90-D108-4107-8391-9951FF167E08}
	EndGlobalSection
EndGlobal
